// !$*UTF8*$!
{
	archiveVersion = 1;
	classes = {
	};
	objectVersion = 50;
	objects = {

/* Begin PBXBuildFile section */
		1938C2A12535AD0E00395E8F /* AppDelegate.swift in Sources */ = {isa = PBXBuildFile; fileRef = 1938C2A02535AD0E00395E8F /* AppDelegate.swift */; };
		1938C2A32535AD0E00395E8F /* SceneDelegate.swift in Sources */ = {isa = PBXBuildFile; fileRef = 1938C2A22535AD0E00395E8F /* SceneDelegate.swift */; };
		1938C2A52535AD0E00395E8F /* MainViewController.swift in Sources */ = {isa = PBXBuildFile; fileRef = 1938C2A42535AD0E00395E8F /* MainViewController.swift */; };
		1938C2AA2535AD1100395E8F /* Assets.xcassets in Resources */ = {isa = PBXBuildFile; fileRef = 1938C2A92535AD1100395E8F /* Assets.xcassets */; };
		1938C2B82535AD1100395E8F /* MVPWithUnitTest.swift in Sources */ = {isa = PBXBuildFile; fileRef = 1938C2B72535AD1100395E8F /* MVPWithUnitTest.swift */; };
		1938C2D42535AD6B00395E8F /* Comment.swift in Sources */ = {isa = PBXBuildFile; fileRef = 1938C2D32535AD6B00395E8F /* Comment.swift */; };
		1938C2D92535ADD900395E8F /* MainPresenter.swift in Sources */ = {isa = PBXBuildFile; fileRef = 1938C2D82535ADD900395E8F /* MainPresenter.swift */; };
		1938C2F62535BD7700395E8F /* MainViewController.xib in Resources */ = {isa = PBXBuildFile; fileRef = 1938C2F52535BD7700395E8F /* MainViewController.xib */; };
		1938C2F72535BD7700395E8F /* MainViewController.xib in Resources */ = {isa = PBXBuildFile; fileRef = 1938C2F52535BD7700395E8F /* MainViewController.xib */; };
		1938C3162535D62B00395E8F /* MainPresenterTest.swift in Sources */ = {isa = PBXBuildFile; fileRef = 1938C3152535D62B00395E8F /* MainPresenterTest.swift */; };
		1938C3362535DC5000395E8F /* ModuleBuilder.swift in Sources */ = {isa = PBXBuildFile; fileRef = 1938C3352535DC5000395E8F /* ModuleBuilder.swift */; };
		196A9550253645D40014CE7E /* DetailPresenter.swift in Sources */ = {isa = PBXBuildFile; fileRef = 196A954F253645D40014CE7E /* DetailPresenter.swift */; };
		196A9556253647800014CE7E /* DetailStoryboard.storyboard in Resources */ = {isa = PBXBuildFile; fileRef = 196A9555253647800014CE7E /* DetailStoryboard.storyboard */; };
		196A955A2536479A0014CE7E /* DetailViewController.swift in Sources */ = {isa = PBXBuildFile; fileRef = 196A95592536479A0014CE7E /* DetailViewController.swift */; };
		196A9564253724E10014CE7E /* Router.swift in Sources */ = {isa = PBXBuildFile; fileRef = 196A9563253724E10014CE7E /* Router.swift */; };
		19DA1F1825362BA200D03799 /* NetworkService.swift in Sources */ = {isa = PBXBuildFile; fileRef = 19DA1F1725362BA200D03799 /* NetworkService.swift */; };
/* End PBXBuildFile section */

/* Begin PBXContainerItemProxy section */
		1938C2B42535AD1100395E8F /* PBXContainerItemProxy */ = {
			isa = PBXContainerItemProxy;
			containerPortal = 1938C2952535AD0E00395E8F /* Project object */;
			proxyType = 1;
			remoteGlobalIDString = 1938C29C2535AD0E00395E8F;
			remoteInfo = "MVP-Level One";
		};
/* End PBXContainerItemProxy section */

/* Begin PBXFileReference section */
		1938C29D2535AD0E00395E8F /* MVPWithUnitTest.app */ = {isa = PBXFileReference; explicitFileType = wrapper.application; includeInIndex = 0; path = MVPWithUnitTest.app; sourceTree = BUILT_PRODUCTS_DIR; };
		1938C2A02535AD0E00395E8F /* AppDelegate.swift */ = {isa = PBXFileReference; lastKnownFileType = sourcecode.swift; path = AppDelegate.swift; sourceTree = "<group>"; };
		1938C2A22535AD0E00395E8F /* SceneDelegate.swift */ = {isa = PBXFileReference; lastKnownFileType = sourcecode.swift; path = SceneDelegate.swift; sourceTree = "<group>"; };
		1938C2A42535AD0E00395E8F /* MainViewController.swift */ = {isa = PBXFileReference; lastKnownFileType = sourcecode.swift; path = MainViewController.swift; sourceTree = "<group>"; };
		1938C2A92535AD1100395E8F /* Assets.xcassets */ = {isa = PBXFileReference; lastKnownFileType = folder.assetcatalog; path = Assets.xcassets; sourceTree = "<group>"; };
		1938C2AE2535AD1100395E8F /* Info.plist */ = {isa = PBXFileReference; lastKnownFileType = text.plist.xml; path = Info.plist; sourceTree = "<group>"; };
		1938C2B32535AD1100395E8F /* MVPWithUnitTestTests.xctest */ = {isa = PBXFileReference; explicitFileType = wrapper.cfbundle; includeInIndex = 0; path = MVPWithUnitTestTests.xctest; sourceTree = BUILT_PRODUCTS_DIR; };
		1938C2B72535AD1100395E8F /* MVPWithUnitTest.swift */ = {isa = PBXFileReference; lastKnownFileType = sourcecode.swift; path = MVPWithUnitTest.swift; sourceTree = "<group>"; };
		1938C2B92535AD1100395E8F /* Info.plist */ = {isa = PBXFileReference; lastKnownFileType = text.plist.xml; path = Info.plist; sourceTree = "<group>"; };
		1938C2D32535AD6B00395E8F /* Comment.swift */ = {isa = PBXFileReference; lastKnownFileType = sourcecode.swift; path = Comment.swift; sourceTree = "<group>"; };
		1938C2D82535ADD900395E8F /* MainPresenter.swift */ = {isa = PBXFileReference; lastKnownFileType = sourcecode.swift; path = MainPresenter.swift; sourceTree = "<group>"; };
		1938C2F52535BD7700395E8F /* MainViewController.xib */ = {isa = PBXFileReference; lastKnownFileType = file.xib; path = MainViewController.xib; sourceTree = "<group>"; };
		1938C3152535D62B00395E8F /* MainPresenterTest.swift */ = {isa = PBXFileReference; lastKnownFileType = sourcecode.swift; path = MainPresenterTest.swift; sourceTree = "<group>"; };
		1938C3352535DC5000395E8F /* ModuleBuilder.swift */ = {isa = PBXFileReference; lastKnownFileType = sourcecode.swift; path = ModuleBuilder.swift; sourceTree = "<group>"; };
		196A954F253645D40014CE7E /* DetailPresenter.swift */ = {isa = PBXFileReference; lastKnownFileType = sourcecode.swift; path = DetailPresenter.swift; sourceTree = "<group>"; };
		196A9555253647800014CE7E /* DetailStoryboard.storyboard */ = {isa = PBXFileReference; lastKnownFileType = file.storyboard; path = DetailStoryboard.storyboard; sourceTree = "<group>"; };
		196A95592536479A0014CE7E /* DetailViewController.swift */ = {isa = PBXFileReference; lastKnownFileType = sourcecode.swift; path = DetailViewController.swift; sourceTree = "<group>"; };
		196A9563253724E10014CE7E /* Router.swift */ = {isa = PBXFileReference; lastKnownFileType = sourcecode.swift; path = Router.swift; sourceTree = "<group>"; };
		19DA1F1725362BA200D03799 /* NetworkService.swift */ = {isa = PBXFileReference; lastKnownFileType = sourcecode.swift; path = NetworkService.swift; sourceTree = "<group>"; };
/* End PBXFileReference section */

/* Begin PBXFrameworksBuildPhase section */
		1938C29A2535AD0E00395E8F /* Frameworks */ = {
			isa = PBXFrameworksBuildPhase;
			buildActionMask = 2147483647;
			files = (
			);
			runOnlyForDeploymentPostprocessing = 0;
		};
		1938C2B02535AD1100395E8F /* Frameworks */ = {
			isa = PBXFrameworksBuildPhase;
			buildActionMask = 2147483647;
			files = (
			);
			runOnlyForDeploymentPostprocessing = 0;
		};
/* End PBXFrameworksBuildPhase section */

/* Begin PBXGroup section */
		1938C2942535AD0E00395E8F = {
			isa = PBXGroup;
			children = (
				1938C29F2535AD0E00395E8F /* MVPWithUnitTest */,
				1938C2B62535AD1100395E8F /* MVPWithUnitTestTests */,
				1938C29E2535AD0E00395E8F /* Products */,
			);
			sourceTree = "<group>";
		};
		1938C29E2535AD0E00395E8F /* Products */ = {
			isa = PBXGroup;
			children = (
				1938C29D2535AD0E00395E8F /* MVPWithUnitTest.app */,
				1938C2B32535AD1100395E8F /* MVPWithUnitTestTests.xctest */,
			);
			name = Products;
			sourceTree = "<group>";
		};
		1938C29F2535AD0E00395E8F /* MVPWithUnitTest */ = {
			isa = PBXGroup;
			children = (
				196A9567253724ED0014CE7E /* SuppotingFiles */,
				1938C2E52535BCE000395E8F /* MainModule */,
				196A95472536451E0014CE7E /* DetailModule */,
				1938C2A92535AD1100395E8F /* Assets.xcassets */,
				19DA1F1B25362BA700D03799 /* Services */,
			);
			path = MVPWithUnitTest;
			sourceTree = "<group>";
		};
		1938C2B62535AD1100395E8F /* MVPWithUnitTestTests */ = {
			isa = PBXGroup;
			children = (
				1938C30E2535D5B300395E8F /* TestMainModule */,
				1938C2B72535AD1100395E8F /* MVPWithUnitTest.swift */,
				1938C2B92535AD1100395E8F /* Info.plist */,
			);
			path = MVPWithUnitTestTests;
			sourceTree = "<group>";
		};
		1938C2E52535BCE000395E8F /* MainModule */ = {
			isa = PBXGroup;
			children = (
				1938C2EC2535BD0300395E8F /* View */,
				1938C2F02535BD0B00395E8F /* Model */,
				1938C2F12535BD1200395E8F /* Presenter */,
			);
			path = MainModule;
			sourceTree = "<group>";
		};
		1938C2EC2535BD0300395E8F /* View */ = {
			isa = PBXGroup;
			children = (
				1938C2F52535BD7700395E8F /* MainViewController.xib */,
				1938C2A42535AD0E00395E8F /* MainViewController.swift */,
			);
			path = View;
			sourceTree = "<group>";
		};
		1938C2F02535BD0B00395E8F /* Model */ = {
			isa = PBXGroup;
			children = (
				1938C2D32535AD6B00395E8F /* Comment.swift */,
			);
			path = Model;
			sourceTree = "<group>";
		};
		1938C2F12535BD1200395E8F /* Presenter */ = {
			isa = PBXGroup;
			children = (
				1938C2D82535ADD900395E8F /* MainPresenter.swift */,
			);
			path = Presenter;
			sourceTree = "<group>";
		};
		1938C30E2535D5B300395E8F /* TestMainModule */ = {
			isa = PBXGroup;
			children = (
				1938C3152535D62B00395E8F /* MainPresenterTest.swift */,
			);
			path = TestMainModule;
			sourceTree = "<group>";
		};
		196A95472536451E0014CE7E /* DetailModule */ = {
			isa = PBXGroup;
			children = (
				196A9549253645380014CE7E /* Model */,
				196A95482536452E0014CE7E /* View */,
				196A954A253645490014CE7E /* Presenter */,
			);
			path = DetailModule;
			sourceTree = "<group>";
		};
		196A95482536452E0014CE7E /* View */ = {
			isa = PBXGroup;
			children = (
				196A9555253647800014CE7E /* DetailStoryboard.storyboard */,
				196A95592536479A0014CE7E /* DetailViewController.swift */,
			);
			path = View;
			sourceTree = "<group>";
		};
		196A9549253645380014CE7E /* Model */ = {
			isa = PBXGroup;
			children = (
			);
			path = Model;
			sourceTree = "<group>";
		};
		196A954A253645490014CE7E /* Presenter */ = {
			isa = PBXGroup;
			children = (
				196A954F253645D40014CE7E /* DetailPresenter.swift */,
			);
			path = Presenter;
			sourceTree = "<group>";
		};
		196A9567253724ED0014CE7E /* SuppotingFiles */ = {
			isa = PBXGroup;
			children = (
				1938C2A02535AD0E00395E8F /* AppDelegate.swift */,
				1938C2A22535AD0E00395E8F /* SceneDelegate.swift */,
				1938C2AE2535AD1100395E8F /* Info.plist */,
			);
			path = SuppotingFiles;
			sourceTree = "<group>";
		};
		196A956E253725A20014CE7E /* Navigation */ = {
			isa = PBXGroup;
			children = (
				196A9563253724E10014CE7E /* Router.swift */,
			);
			path = Navigation;
			sourceTree = "<group>";
		};
		196A956F253725B70014CE7E /* ModuleBuilder */ = {
			isa = PBXGroup;
			children = (
				1938C3352535DC5000395E8F /* ModuleBuilder.swift */,
			);
			path = ModuleBuilder;
			sourceTree = "<group>";
		};
		19DA1F1B25362BA700D03799 /* Services */ = {
			isa = PBXGroup;
			children = (
				196A956F253725B70014CE7E /* ModuleBuilder */,
				196A956E253725A20014CE7E /* Navigation */,
				19DA1F1E25362BC500D03799 /* NetworkService */,
			);
			path = Services;
			sourceTree = "<group>";
		};
		19DA1F1E25362BC500D03799 /* NetworkService */ = {
			isa = PBXGroup;
			children = (
				19DA1F1725362BA200D03799 /* NetworkService.swift */,
			);
			path = NetworkService;
			sourceTree = "<group>";
		};
/* End PBXGroup section */

/* Begin PBXNativeTarget section */
		1938C29C2535AD0E00395E8F /* MVPWithUnitTest */ = {
			isa = PBXNativeTarget;
			buildConfigurationList = 1938C2C72535AD1100395E8F /* Build configuration list for PBXNativeTarget "MVPWithUnitTest" */;
			buildPhases = (
				1938C2992535AD0E00395E8F /* Sources */,
				1938C29A2535AD0E00395E8F /* Frameworks */,
				1938C29B2535AD0E00395E8F /* Resources */,
			);
			buildRules = (
			);
			dependencies = (
			);
			name = MVPWithUnitTest;
			productName = "MVP-Level One";
			productReference = 1938C29D2535AD0E00395E8F /* MVPWithUnitTest.app */;
			productType = "com.apple.product-type.application";
		};
		1938C2B22535AD1100395E8F /* MVPWithUnitTestTests */ = {
			isa = PBXNativeTarget;
			buildConfigurationList = 1938C2CA2535AD1100395E8F /* Build configuration list for PBXNativeTarget "MVPWithUnitTestTests" */;
			buildPhases = (
				1938C2AF2535AD1100395E8F /* Sources */,
				1938C2B02535AD1100395E8F /* Frameworks */,
				1938C2B12535AD1100395E8F /* Resources */,
			);
			buildRules = (
			);
			dependencies = (
				1938C2B52535AD1100395E8F /* PBXTargetDependency */,
			);
			name = MVPWithUnitTestTests;
			productName = "MVP-Level OneTests";
			productReference = 1938C2B32535AD1100395E8F /* MVPWithUnitTestTests.xctest */;
			productType = "com.apple.product-type.bundle.unit-test";
		};
/* End PBXNativeTarget section */

/* Begin PBXProject section */
		1938C2952535AD0E00395E8F /* Project object */ = {
			isa = PBXProject;
			attributes = {
				LastSwiftUpdateCheck = 1200;
				LastUpgradeCheck = 1200;
				TargetAttributes = {
					1938C29C2535AD0E00395E8F = {
						CreatedOnToolsVersion = 12.0.1;
					};
					1938C2B22535AD1100395E8F = {
						CreatedOnToolsVersion = 12.0.1;
						TestTargetID = 1938C29C2535AD0E00395E8F;
					};
				};
			};
			buildConfigurationList = 1938C2982535AD0E00395E8F /* Build configuration list for PBXProject "MVPWithUnitTest" */;
			compatibilityVersion = "Xcode 9.3";
			developmentRegion = en;
			hasScannedForEncodings = 0;
			knownRegions = (
				en,
				Base,
			);
			mainGroup = 1938C2942535AD0E00395E8F;
			productRefGroup = 1938C29E2535AD0E00395E8F /* Products */;
			projectDirPath = "";
			projectRoot = "";
			targets = (
				1938C29C2535AD0E00395E8F /* MVPWithUnitTest */,
				1938C2B22535AD1100395E8F /* MVPWithUnitTestTests */,
			);
		};
/* End PBXProject section */

/* Begin PBXResourcesBuildPhase section */
		1938C29B2535AD0E00395E8F /* Resources */ = {
			isa = PBXResourcesBuildPhase;
			buildActionMask = 2147483647;
			files = (
				1938C2AA2535AD1100395E8F /* Assets.xcassets in Resources */,
				1938C2F62535BD7700395E8F /* MainViewController.xib in Resources */,
				196A9556253647800014CE7E /* DetailStoryboard.storyboard in Resources */,
			);
			runOnlyForDeploymentPostprocessing = 0;
		};
		1938C2B12535AD1100395E8F /* Resources */ = {
			isa = PBXResourcesBuildPhase;
			buildActionMask = 2147483647;
			files = (
				1938C2F72535BD7700395E8F /* MainViewController.xib in Resources */,
			);
			runOnlyForDeploymentPostprocessing = 0;
		};
/* End PBXResourcesBuildPhase section */

/* Begin PBXSourcesBuildPhase section */
		1938C2992535AD0E00395E8F /* Sources */ = {
			isa = PBXSourcesBuildPhase;
			buildActionMask = 2147483647;
			files = (
				196A955A2536479A0014CE7E /* DetailViewController.swift in Sources */,
				1938C2D92535ADD900395E8F /* MainPresenter.swift in Sources */,
				196A9564253724E10014CE7E /* Router.swift in Sources */,
				1938C2A52535AD0E00395E8F /* MainViewController.swift in Sources */,
				1938C2A12535AD0E00395E8F /* AppDelegate.swift in Sources */,
				196A9550253645D40014CE7E /* DetailPresenter.swift in Sources */,
				1938C2D42535AD6B00395E8F /* Comment.swift in Sources */,
				1938C2A32535AD0E00395E8F /* SceneDelegate.swift in Sources */,
				1938C3362535DC5000395E8F /* ModuleBuilder.swift in Sources */,
				19DA1F1825362BA200D03799 /* NetworkService.swift in Sources */,
			);
			runOnlyForDeploymentPostprocessing = 0;
		};
		1938C2AF2535AD1100395E8F /* Sources */ = {
			isa = PBXSourcesBuildPhase;
			buildActionMask = 2147483647;
			files = (
				1938C2B82535AD1100395E8F /* MVPWithUnitTest.swift in Sources */,
				1938C3162535D62B00395E8F /* MainPresenterTest.swift in Sources */,
			);
			runOnlyForDeploymentPostprocessing = 0;
		};
/* End PBXSourcesBuildPhase section */

/* Begin PBXTargetDependency section */
		1938C2B52535AD1100395E8F /* PBXTargetDependency */ = {
			isa = PBXTargetDependency;
			target = 1938C29C2535AD0E00395E8F /* MVPWithUnitTest */;
			targetProxy = 1938C2B42535AD1100395E8F /* PBXContainerItemProxy */;
		};
/* End PBXTargetDependency section */

/* Begin XCBuildConfiguration section */
		1938C2C52535AD1100395E8F /* Debug */ = {
			isa = XCBuildConfiguration;
			buildSettings = {
				ALWAYS_SEARCH_USER_PATHS = NO;
				CLANG_ANALYZER_NONNULL = YES;
				CLANG_ANALYZER_NUMBER_OBJECT_CONVERSION = YES_AGGRESSIVE;
				CLANG_CXX_LANGUAGE_STANDARD = "gnu++14";
				CLANG_CXX_LIBRARY = "libc++";
				CLANG_ENABLE_MODULES = YES;
				CLANG_ENABLE_OBJC_ARC = YES;
				CLANG_ENABLE_OBJC_WEAK = YES;
				CLANG_WARN_BLOCK_CAPTURE_AUTORELEASING = YES;
				CLANG_WARN_BOOL_CONVERSION = YES;
				CLANG_WARN_COMMA = YES;
				CLANG_WARN_CONSTANT_CONVERSION = YES;
				CLANG_WARN_DEPRECATED_OBJC_IMPLEMENTATIONS = YES;
				CLANG_WARN_DIRECT_OBJC_ISA_USAGE = YES_ERROR;
				CLANG_WARN_DOCUMENTATION_COMMENTS = YES;
				CLANG_WARN_EMPTY_BODY = YES;
				CLANG_WARN_ENUM_CONVERSION = YES;
				CLANG_WARN_INFINITE_RECURSION = YES;
				CLANG_WARN_INT_CONVERSION = YES;
				CLANG_WARN_NON_LITERAL_NULL_CONVERSION = YES;
				CLANG_WARN_OBJC_IMPLICIT_RETAIN_SELF = YES;
				CLANG_WARN_OBJC_LITERAL_CONVERSION = YES;
				CLANG_WARN_OBJC_ROOT_CLASS = YES_ERROR;
				CLANG_WARN_QUOTED_INCLUDE_IN_FRAMEWORK_HEADER = YES;
				CLANG_WARN_RANGE_LOOP_ANALYSIS = YES;
				CLANG_WARN_STRICT_PROTOTYPES = YES;
				CLANG_WARN_SUSPICIOUS_MOVE = YES;
				CLANG_WARN_UNGUARDED_AVAILABILITY = YES_AGGRESSIVE;
				CLANG_WARN_UNREACHABLE_CODE = YES;
				CLANG_WARN__DUPLICATE_METHOD_MATCH = YES;
				COPY_PHASE_STRIP = NO;
				DEBUG_INFORMATION_FORMAT = dwarf;
				ENABLE_STRICT_OBJC_MSGSEND = YES;
				ENABLE_TESTABILITY = YES;
				GCC_C_LANGUAGE_STANDARD = gnu11;
				GCC_DYNAMIC_NO_PIC = NO;
				GCC_NO_COMMON_BLOCKS = YES;
				GCC_OPTIMIZATION_LEVEL = 0;
				GCC_PREPROCESSOR_DEFINITIONS = (
					"DEBUG=1",
					"$(inherited)",
				);
				GCC_WARN_64_TO_32_BIT_CONVERSION = YES;
				GCC_WARN_ABOUT_RETURN_TYPE = YES_ERROR;
				GCC_WARN_UNDECLARED_SELECTOR = YES;
				GCC_WARN_UNINITIALIZED_AUTOS = YES_AGGRESSIVE;
				GCC_WARN_UNUSED_FUNCTION = YES;
				GCC_WARN_UNUSED_VARIABLE = YES;
				IPHONEOS_DEPLOYMENT_TARGET = 14.0;
				MTL_ENABLE_DEBUG_INFO = INCLUDE_SOURCE;
				MTL_FAST_MATH = YES;
				ONLY_ACTIVE_ARCH = YES;
				SDKROOT = iphoneos;
				SWIFT_ACTIVE_COMPILATION_CONDITIONS = DEBUG;
				SWIFT_OPTIMIZATION_LEVEL = "-Onone";
			};
			name = Debug;
		};
		1938C2C62535AD1100395E8F /* Release */ = {
			isa = XCBuildConfiguration;
			buildSettings = {
				ALWAYS_SEARCH_USER_PATHS = NO;
				CLANG_ANALYZER_NONNULL = YES;
				CLANG_ANALYZER_NUMBER_OBJECT_CONVERSION = YES_AGGRESSIVE;
				CLANG_CXX_LANGUAGE_STANDARD = "gnu++14";
				CLANG_CXX_LIBRARY = "libc++";
				CLANG_ENABLE_MODULES = YES;
				CLANG_ENABLE_OBJC_ARC = YES;
				CLANG_ENABLE_OBJC_WEAK = YES;
				CLANG_WARN_BLOCK_CAPTURE_AUTORELEASING = YES;
				CLANG_WARN_BOOL_CONVERSION = YES;
				CLANG_WARN_COMMA = YES;
				CLANG_WARN_CONSTANT_CONVERSION = YES;
				CLANG_WARN_DEPRECATED_OBJC_IMPLEMENTATIONS = YES;
				CLANG_WARN_DIRECT_OBJC_ISA_USAGE = YES_ERROR;
				CLANG_WARN_DOCUMENTATION_COMMENTS = YES;
				CLANG_WARN_EMPTY_BODY = YES;
				CLANG_WARN_ENUM_CONVERSION = YES;
				CLANG_WARN_INFINITE_RECURSION = YES;
				CLANG_WARN_INT_CONVERSION = YES;
				CLANG_WARN_NON_LITERAL_NULL_CONVERSION = YES;
				CLANG_WARN_OBJC_IMPLICIT_RETAIN_SELF = YES;
				CLANG_WARN_OBJC_LITERAL_CONVERSION = YES;
				CLANG_WARN_OBJC_ROOT_CLASS = YES_ERROR;
				CLANG_WARN_QUOTED_INCLUDE_IN_FRAMEWORK_HEADER = YES;
				CLANG_WARN_RANGE_LOOP_ANALYSIS = YES;
				CLANG_WARN_STRICT_PROTOTYPES = YES;
				CLANG_WARN_SUSPICIOUS_MOVE = YES;
				CLANG_WARN_UNGUARDED_AVAILABILITY = YES_AGGRESSIVE;
				CLANG_WARN_UNREACHABLE_CODE = YES;
				CLANG_WARN__DUPLICATE_METHOD_MATCH = YES;
				COPY_PHASE_STRIP = NO;
				DEBUG_INFORMATION_FORMAT = "dwarf-with-dsym";
				ENABLE_NS_ASSERTIONS = NO;
				ENABLE_STRICT_OBJC_MSGSEND = YES;
				GCC_C_LANGUAGE_STANDARD = gnu11;
				GCC_NO_COMMON_BLOCKS = YES;
				GCC_WARN_64_TO_32_BIT_CONVERSION = YES;
				GCC_WARN_ABOUT_RETURN_TYPE = YES_ERROR;
				GCC_WARN_UNDECLARED_SELECTOR = YES;
				GCC_WARN_UNINITIALIZED_AUTOS = YES_AGGRESSIVE;
				GCC_WARN_UNUSED_FUNCTION = YES;
				GCC_WARN_UNUSED_VARIABLE = YES;
				IPHONEOS_DEPLOYMENT_TARGET = 14.0;
				MTL_ENABLE_DEBUG_INFO = NO;
				MTL_FAST_MATH = YES;
				SDKROOT = iphoneos;
				SWIFT_COMPILATION_MODE = wholemodule;
				SWIFT_OPTIMIZATION_LEVEL = "-O";
				VALIDATE_PRODUCT = YES;
			};
			name = Release;
		};
		1938C2C82535AD1100395E8F /* Debug */ = {
			isa = XCBuildConfiguration;
			buildSettings = {
				ASSETCATALOG_COMPILER_APPICON_NAME = AppIcon;
				ASSETCATALOG_COMPILER_GLOBAL_ACCENT_COLOR_NAME = AccentColor;
				CODE_SIGN_STYLE = Automatic;
				DEVELOPMENT_TEAM = TQU76263MV;
				INFOPLIST_FILE = "$(SRCROOT)/MVPWithUnitTest/SuppotingFiles/Info.plist";
				LD_RUNPATH_SEARCH_PATHS = (
					"$(inherited)",
					"@executable_path/Frameworks",
				);
				PRODUCT_BUNDLE_IDENTIFIER = "com.damirLutfullin.MVP-Level-One";
				PRODUCT_NAME = "$(TARGET_NAME)";
				SWIFT_VERSION = 5.0;
				TARGETED_DEVICE_FAMILY = 1;
			};
			name = Debug;
		};
		1938C2C92535AD1100395E8F /* Release */ = {
			isa = XCBuildConfiguration;
			buildSettings = {
				ASSETCATALOG_COMPILER_APPICON_NAME = AppIcon;
				ASSETCATALOG_COMPILER_GLOBAL_ACCENT_COLOR_NAME = AccentColor;
				CODE_SIGN_STYLE = Automatic;
				DEVELOPMENT_TEAM = TQU76263MV;
				INFOPLIST_FILE = "$(SRCROOT)/MVPWithUnitTest/SuppotingFiles/Info.plist";
				LD_RUNPATH_SEARCH_PATHS = (
					"$(inherited)",
					"@executable_path/Frameworks",
				);
				PRODUCT_BUNDLE_IDENTIFIER = "com.damirLutfullin.MVP-Level-One";
				PRODUCT_NAME = "$(TARGET_NAME)";
				SWIFT_VERSION = 5.0;
				TARGETED_DEVICE_FAMILY = 1;
			};
			name = Release;
		};
		1938C2CB2535AD1100395E8F /* Debug */ = {
			isa = XCBuildConfiguration;
			buildSettings = {
				ALWAYS_EMBED_SWIFT_STANDARD_LIBRARIES = YES;
				BUNDLE_LOADER = "$(TEST_HOST)";
				CODE_SIGN_STYLE = Automatic;
				DEVELOPMENT_TEAM = TQU76263MV;
				INFOPLIST_FILE = MVPWithUnitTestTests/Info.plist;
				IPHONEOS_DEPLOYMENT_TARGET = 14.0;
				LD_RUNPATH_SEARCH_PATHS = (
					"$(inherited)",
					"@executable_path/Frameworks",
					"@loader_path/Frameworks",
				);
				PRODUCT_BUNDLE_IDENTIFIER = "com.damirLutfullin.MVP-Level-OneTests";
				PRODUCT_NAME = "$(TARGET_NAME)";
				SWIFT_VERSION = 5.0;
				TARGETED_DEVICE_FAMILY = "1,2";
				TEST_HOST = "$(BUILT_PRODUCTS_DIR)/MVPWithUnitTest.app/MVPWithUnitTest";
			};
			name = Debug;
		};
		1938C2CC2535AD1100395E8F /* Release */ = {
			isa = XCBuildConfiguration;
			buildSettings = {
				ALWAYS_EMBED_SWIFT_STANDARD_LIBRARIES = YES;
				BUNDLE_LOADER = "$(TEST_HOST)";
				CODE_SIGN_STYLE = Automatic;
				DEVELOPMENT_TEAM = TQU76263MV;
				INFOPLIST_FILE = MVPWithUnitTestTests/Info.plist;
				IPHONEOS_DEPLOYMENT_TARGET = 14.0;
				LD_RUNPATH_SEARCH_PATHS = (
					"$(inherited)",
					"@executable_path/Frameworks",
					"@loader_path/Frameworks",
				);
				PRODUCT_BUNDLE_IDENTIFIER = "com.damirLutfullin.MVP-Level-OneTests";
				PRODUCT_NAME = "$(TARGET_NAME)";
				SWIFT_VERSION = 5.0;
				TARGETED_DEVICE_FAMILY = "1,2";
				TEST_HOST = "$(BUILT_PRODUCTS_DIR)/MVPWithUnitTest.app/MVPWithUnitTest";
			};
			name = Release;
		};
/* End XCBuildConfiguration section */

/* Begin XCConfigurationList section */
		1938C2982535AD0E00395E8F /* Build configuration list for PBXProject "MVPWithUnitTest" */ = {
			isa = XCConfigurationList;
			buildConfigurations = (
				1938C2C52535AD1100395E8F /* Debug */,
				1938C2C62535AD1100395E8F /* Release */,
			);
			defaultConfigurationIsVisible = 0;
			defaultConfigurationName = Release;
		};
		1938C2C72535AD1100395E8F /* Build configuration list for PBXNativeTarget "MVPWithUnitTest" */ = {
			isa = XCConfigurationList;
			buildConfigurations = (
				1938C2C82535AD1100395E8F /* Debug */,
				1938C2C92535AD1100395E8F /* Release */,
			);
			defaultConfigurationIsVisible = 0;
			defaultConfigurationName = Release;
		};
		1938C2CA2535AD1100395E8F /* Build configuration list for PBXNativeTarget "MVPWithUnitTestTests" */ = {
			isa = XCConfigurationList;
			buildConfigurations = (
				1938C2CB2535AD1100395E8F /* Debug */,
				1938C2CC2535AD1100395E8F /* Release */,
			);
			defaultConfigurationIsVisible = 0;
			defaultConfigurationName = Release;
		};
/* End XCConfigurationList section */
	};
	rootObject = 1938C2952535AD0E00395E8F /* Project object */;
}
